# THIS IS AN AUTOGENERATED FILE. DO NOT EDIT THIS FILE DIRECTLY.
# yarn lockfile v1


argsarray@0.0.1:
  version "0.0.1"
  resolved "https://registry.yarnpkg.com/argsarray/-/argsarray-0.0.1.tgz#6e7207b4ecdb39b0af88303fa5ae22bda8df61cb"

buffer-from@0.1.1:
  version "0.1.1"
  resolved "https://registry.yarnpkg.com/buffer-from/-/buffer-from-0.1.1.tgz#57b18b1da0a19ec06f33837a5275a242351bd75e"
  dependencies:
    is-array-buffer-x "^1.0.13"

clone-buffer@1.0.0:
  version "1.0.0"
  resolved "https://registry.yarnpkg.com/clone-buffer/-/clone-buffer-1.0.0.tgz#e3e25b207ac4e701af721e2cb5a16792cac3dc58"

has-symbol-support-x@^1.4.0:
  version "1.4.0"
  resolved "https://registry.yarnpkg.com/has-symbol-support-x/-/has-symbol-support-x-1.4.0.tgz#442d89b1d0ac6cf5ff2f7b916ee539869b93a256"

has-to-string-tag-x@^1.4.0:
  version "1.4.0"
  resolved "https://registry.yarnpkg.com/has-to-string-tag-x/-/has-to-string-tag-x-1.4.0.tgz#49d7bcde85c2409be38ac327e3e119a451657c7b"
  dependencies:
    has-symbol-support-x "^1.4.0"

immediate@3.0.6, immediate@~3.0.5:
  version "3.0.6"
  resolved "https://registry.yarnpkg.com/immediate/-/immediate-3.0.6.tgz#9db1dbd0faf8de6fbe0f5dd5e56bb606280de69b"

inherits@2.0.3:
  version "2.0.3"
  resolved "https://registry.yarnpkg.com/inherits/-/inherits-2.0.3.tgz#633c2c83e3da42a502f52466022480f4208261de"

is-array-buffer-x@^1.0.13:
  version "1.3.0"
  resolved "https://registry.yarnpkg.com/is-array-buffer-x/-/is-array-buffer-x-1.3.0.tgz#4b4fd096f5bf9e262508fe23c52ee538ca9bcb57"
  dependencies:
    has-to-string-tag-x "^1.4.0"
    is-object-like-x "^1.3.0"
    to-string-tag-x "^1.4.0"

is-function-x@^1.4.0:
  version "1.4.0"
  resolved "https://registry.yarnpkg.com/is-function-x/-/is-function-x-1.4.0.tgz#ca29cfbb5cb5bfb59f55c0686a4d3e944b67d91a"
  dependencies:
    has-to-string-tag-x "^1.4.0"
    is-primitive "^2.0.0"
    to-string-tag-x "^1.4.0"

is-object-like-x@^1.3.0:
  version "1.3.0"
  resolved "https://registry.yarnpkg.com/is-object-like-x/-/is-object-like-x-1.3.0.tgz#2c27f5f42c3cd2f0b35c2b530efa7dc8ca017be4"
  dependencies:
    is-function-x "^1.4.0"
    is-primitive "^2.0.0"

is-primitive@^2.0.0:
  version "2.0.0"
  resolved "https://registry.yarnpkg.com/is-primitive/-/is-primitive-2.0.0.tgz#207bab91638499c07b2adf240a41a87210034575"

lie@3.1.1:
  version "3.1.1"
  resolved "https://registry.yarnpkg.com/lie/-/lie-3.1.1.tgz#9a436b2cc7746ca59de7a41fa469b3efb76bd87e"
  dependencies:
    immediate "~3.0.5"

lodash.isnull@^3.0.0:
  version "3.0.0"
  resolved "https://registry.yarnpkg.com/lodash.isnull/-/lodash.isnull-3.0.0.tgz#fafbe59ea1dca27eed786534039dd84c2e07c56e"

pouchdb-abstract-mapreduce@6.3.4:
  version "6.3.4"
  resolved "https://registry.yarnpkg.com/pouchdb-abstract-mapreduce/-/pouchdb-abstract-mapreduce-6.3.4.tgz#0d8a11ec300e3affcacbf6e9618d3eccd3f2e9ce"
  dependencies:
    pouchdb-binary-utils "6.3.4"
    pouchdb-collate "6.3.4"
    pouchdb-collections "6.3.4"
    pouchdb-mapreduce-utils "6.3.4"
    pouchdb-md5 "6.3.4"
    pouchdb-promise "6.3.4"
    pouchdb-utils "6.3.4"

pouchdb-binary-utils@6.3.4:
  version "6.3.4"
  resolved "https://registry.yarnpkg.com/pouchdb-binary-utils/-/pouchdb-binary-utils-6.3.4.tgz#9bfd1b4b3d8caccfd2b6046b1316b4f70afea9f6"
  dependencies:
    buffer-from "0.1.1"

pouchdb-collate@6.3.4:
  version "6.3.4"
  resolved "https://registry.yarnpkg.com/pouchdb-collate/-/pouchdb-collate-6.3.4.tgz#4f03245b3309fdd5f937caffc9efa0e8ee591b4d"

pouchdb-collections@6.3.4:
  version "6.3.4"
  resolved "https://registry.yarnpkg.com/pouchdb-collections/-/pouchdb-collections-6.3.4.tgz#24f4dd3d7aabd630b2f5f26353fe09ddd4ef7afa"

pouchdb-errors@6.3.4:
  version "6.3.4"
  resolved "https://registry.yarnpkg.com/pouchdb-errors/-/pouchdb-errors-6.3.4.tgz#abc1a84242e9276a1102e5cba1802aa08e5be45a"
  dependencies:
    inherits "2.0.3"

pouchdb-find@^6.3.4:
  version "6.3.4"
  resolved "https://registry.yarnpkg.com/pouchdb-find/-/pouchdb-find-6.3.4.tgz#27163e3d9a82bab2cc6db1deb73447762e8bd705"
  dependencies:
    pouchdb-abstract-mapreduce "6.3.4"
    pouchdb-collate "6.3.4"
    pouchdb-md5 "6.3.4"
    pouchdb-promise "6.3.4"
    pouchdb-selector-core "6.3.4"
    pouchdb-utils "6.3.4"

pouchdb-mapreduce-utils@6.3.4:
  version "6.3.4"
  resolved "https://registry.yarnpkg.com/pouchdb-mapreduce-utils/-/pouchdb-mapreduce-utils-6.3.4.tgz#0d85fb7cc1faf078afc638fdf07d9db3ce8fdaa6"
  dependencies:
    argsarray "0.0.1"
    inherits "2.0.3"
    pouchdb-collections "6.3.4"
    pouchdb-utils "6.3.4"

pouchdb-md5@6.3.4:
  version "6.3.4"
  resolved "https://registry.yarnpkg.com/pouchdb-md5/-/pouchdb-md5-6.3.4.tgz#364987fa184a33a48cfc7eb175a279fca113a4e8"
  dependencies:
    pouchdb-binary-utils "6.3.4"
    spark-md5 "3.0.0"

pouchdb-promise@6.3.4:
  version "6.3.4"
  resolved "https://registry.yarnpkg.com/pouchdb-promise/-/pouchdb-promise-6.3.4.tgz#817052fa2320293dd2dbc4be2f1cc81b02be30c2"
  dependencies:
    lie "3.1.1"

pouchdb-selector-core@6.3.4:
  version "6.3.4"
  resolved "https://registry.yarnpkg.com/pouchdb-selector-core/-/pouchdb-selector-core-6.3.4.tgz#116958b1af9d7147143da5a5e6ee74de128a9fbc"
  dependencies:
    pouchdb-collate "6.3.4"
    pouchdb-utils "6.3.4"

pouchdb-utils@6.3.4:
  version "6.3.4"
  resolved "https://registry.yarnpkg.com/pouchdb-utils/-/pouchdb-utils-6.3.4.tgz#3926541ae439c019d9738d5e5c3aa9bb110e6a25"
  dependencies:
    argsarray "0.0.1"
    clone-buffer "1.0.0"
    immediate "3.0.6"
    inherits "2.0.3"
    pouchdb-collections "6.3.4"
    pouchdb-errors "6.3.4"
    pouchdb-promise "6.3.4"
    uuid "^3.1.0"

spark-md5@3.0.0:
  version "3.0.0"
  resolved "https://registry.yarnpkg.com/spark-md5/-/spark-md5-3.0.0.tgz#3722227c54e2faf24b1dc6d933cc144e6f71bfef"

to-string-tag-x@^1.4.0:
  version "1.4.0"
  resolved "https://registry.yarnpkg.com/to-string-tag-x/-/to-string-tag-x-1.4.0.tgz#5229990ed1953078b76612ae379c7d17fc33394b"
  dependencies:
    lodash.isnull "^3.0.0"
    validate.io-undefined "^1.0.3"

uuid@^3.1.0:
  version "3.1.0"
  resolved "https://registry.yarnpkg.com/uuid/-/uuid-3.1.0.tgz#3dd3d3e790abc24d7b0d3a034ffababe28ebbc04"

validate.io-undefined@^1.0.3:
  version "1.0.3"
  resolved "https://registry.yarnpkg.com/validate.io-undefined/-/validate.io-undefined-1.0.3.tgz#7e27fcbb315b841e78243431897671929e20b7f4"
